
Microsoft Visual Studio Solution File, Format Version 12.00
# Visual Studio 15
VisualStudioVersion = 15.0.26124.0
MinimumVisualStudioVersion = 15.0.26124.0
Project("{9A19103F-16F7-4668-BE54-9A1E7A4F7556}") = "R5T.Burgundy.Construction", "R5T.Burgundy.Construction\R5T.Burgundy.Construction.csproj", "{1C6EF9B8-8ACB-4489-AF7F-C94322B45E65}"
EndProject
Project("{9A19103F-16F7-4668-BE54-9A1E7A4F7556}") = "R5T.Burgundy", "R5T.Burgundy\R5T.Burgundy.csproj", "{ADA89715-1164-49C8-8ADB-4AD9FDD3E029}"
EndProject
Project("{9A19103F-16F7-4668-BE54-9A1E7A4F7556}") = "R5T.Alamania.Bulgaria", "..\..\R5T.Alamania.Bulgaria\source\R5T.Alamania.Bulgaria\R5T.Alamania.Bulgaria.csproj", "{614905DD-29E6-4A4D-9802-9983FA56759B}"
EndProject
Project("{2150E333-8FDC-42A3-9474-1A3956D46DE8}") = "_Dependencies", "_Dependencies", "{13778518-0912-4948-B839-59F2B7E557A9}"
EndProject
Project("{9A19103F-16F7-4668-BE54-9A1E7A4F7556}") = "R5T.Bulgaria.Default.Local", "..\..\R5T.Bulgaria.Default.Local\source\R5T.Bulgaria.Default.Local\R5T.Bulgaria.Default.Local.csproj", "{7CFD86DA-9183-44F6-8F38-2DA67D2EADD3}"
EndProject
Project("{9A19103F-16F7-4668-BE54-9A1E7A4F7556}") = "R5T.Costobocia.Default", "..\..\R5T.Costobocia.Default\source\R5T.Costobocia.Default\R5T.Costobocia.Default.csproj", "{2E7E0696-9717-4F35-9CCD-5EC1D3CFC1DB}"
EndProject
Project("{9A19103F-16F7-4668-BE54-9A1E7A4F7556}") = "R5T.Dacia", "..\..\R5T.Dacia\source\R5T.Dacia\R5T.Dacia.csproj", "{F336D75E-8320-4C1F-8BAC-2F190CE5721A}"
EndProject
Project("{9A19103F-16F7-4668-BE54-9A1E7A4F7556}") = "R5T.Frisia.Suebia", "..\..\R5T.Frisia.Suebia\source\R5T.Frisia.Suebia\R5T.Frisia.Suebia.csproj", "{28AA3627-D23A-47D0-A2C2-DFDB4CF7A5F0}"
EndProject
Project("{9A19103F-16F7-4668-BE54-9A1E7A4F7556}") = "R5T.Jutland.Newtonsoft", "..\..\R5T.Jutland.Newtonsoft\source\R5T.Jutland.Newtonsoft\R5T.Jutland.Newtonsoft.csproj", "{BC9C254C-D288-4CE2-9848-A824DE04347F}"
EndProject
Project("{9A19103F-16F7-4668-BE54-9A1E7A4F7556}") = "R5T.Lombardy", "..\..\R5T.Lombardy\source\R5T.Lombardy\R5T.Lombardy.csproj", "{7BEB874B-8E9C-4E44-8EDF-AA9293A896B9}"
EndProject
Project("{9A19103F-16F7-4668-BE54-9A1E7A4F7556}") = "R5T.Pictia.Frisia", "..\..\R5T.Pictia.Frisia\source\R5T.Pictia.Frisia\R5T.Pictia.Frisia.csproj", "{BD3A8342-C7CD-4407-BE57-85EAF308CEDB}"
EndProject
Project("{9A19103F-16F7-4668-BE54-9A1E7A4F7556}") = "R5T.Suebia.Alamania", "..\..\R5T.Suebia.Alamania\source\R5T.Suebia.Alamania\R5T.Suebia.Alamania.csproj", "{F72566C3-6530-4E8A-97EC-20C2F387BF8B}"
EndProject
Project("{9A19103F-16F7-4668-BE54-9A1E7A4F7556}") = "R5T.Visigothia.Default.Local", "..\..\R5T.Visigothia.Default.Local\source\R5T.Visigothia.Default.Local\R5T.Visigothia.Default.Local.csproj", "{DA372ABF-9645-45F6-A444-8F6C203A8B1A}"
EndProject
Project("{9A19103F-16F7-4668-BE54-9A1E7A4F7556}") = "R5T.Alamania.Base", "..\..\R5T.Alamania.Base\source\R5T.Alamania.Base\R5T.Alamania.Base.csproj", "{DF59B01F-BB05-4DF5-AF64-1B6921A932D3}"
EndProject
Project("{9A19103F-16F7-4668-BE54-9A1E7A4F7556}") = "R5T.Bulgaria.Base", "..\..\R5T.Bulgaria.Base\source\R5T.Bulgaria.Base\R5T.Bulgaria.Base.csproj", "{83A400F0-B910-4CBF-87C2-B49F469A3357}"
EndProject
Project("{9A19103F-16F7-4668-BE54-9A1E7A4F7556}") = "R5T.Costobocia.Base", "..\..\R5T.Costobocia.Base\source\R5T.Costobocia.Base\R5T.Costobocia.Base.csproj", "{5C7AE64C-F244-4115-A54A-51AB0603ADDF}"
EndProject
Project("{9A19103F-16F7-4668-BE54-9A1E7A4F7556}") = "R5T.Ostrogothia", "..\..\R5T.Ostrogothia\source\R5T.Ostrogothia\R5T.Ostrogothia.csproj", "{C0BE20B4-84BA-41AB-B696-36BE826101B1}"
EndProject
Project("{9A19103F-16F7-4668-BE54-9A1E7A4F7556}") = "R5T.Ostrogothia.Rivet", "..\..\R5T.Ostrogothia.Rivet\source\R5T.Ostrogothia.Rivet\R5T.Ostrogothia.Rivet.csproj", "{5B94FD15-B2E1-42CA-AF42-04632BAFE3B1}"
EndProject
Project("{9A19103F-16F7-4668-BE54-9A1E7A4F7556}") = "R5T.Lombardy.Base", "..\..\R5T.Lombardy.Base\source\R5T.Lombardy.Base\R5T.Lombardy.Base.csproj", "{420F575D-0B55-4224-8452-D36F1B69E900}"
EndProject
Project("{9A19103F-16F7-4668-BE54-9A1E7A4F7556}") = "R5T.Visigothia.Base", "..\..\R5T.Visigothia.Base\source\R5T.Visigothia.Base\R5T.Visigothia.Base.csproj", "{FB6ACE37-C82A-4EE1-8D4E-4B090799A781}"
EndProject
Project("{9A19103F-16F7-4668-BE54-9A1E7A4F7556}") = "R5T.Frisia.Base", "..\..\R5T.Frisia.Base\source\R5T.Frisia.Base\R5T.Frisia.Base.csproj", "{B767891E-E016-4B5A-A23D-7C94210402F8}"
EndProject
Project("{9A19103F-16F7-4668-BE54-9A1E7A4F7556}") = "R5T.Jutland.Base", "..\..\R5T.Jutland.Base\source\R5T.Jutland.Base\R5T.Jutland.Base.csproj", "{C39E900C-4F84-4D0F-ACF6-F59F62E6A19C}"
EndProject
Project("{9A19103F-16F7-4668-BE54-9A1E7A4F7556}") = "R5T.Suebia.Base", "..\..\R5T.Suebia.Base\source\R5T.Suebia.Base\R5T.Suebia.Base.csproj", "{AA9D94EC-1FC7-4BCA-AECA-DFDC43D3523A}"
EndProject
Project("{9A19103F-16F7-4668-BE54-9A1E7A4F7556}") = "R5T.Cherusci", "..\..\R5T.Cherusci\source\R5T.Cherusci\R5T.Cherusci.csproj", "{6910224A-9D6A-4760-86DE-E767DD7FDED2}"
EndProject
Project("{9A19103F-16F7-4668-BE54-9A1E7A4F7556}") = "R5T.Magyar", "..\..\R5T.Magyar\source\R5T.Magyar\R5T.Magyar.csproj", "{D265EDD6-8023-4EAC-8E3E-B2D040F97031}"
EndProject
Project("{9A19103F-16F7-4668-BE54-9A1E7A4F7556}") = "R5T.Rugia", "..\..\R5T.Rugia\source\R5T.Rugia\R5T.Rugia.csproj", "{F56BEF23-807C-4292-A335-6075B05A6D83}"
EndProject
Project("{9A19103F-16F7-4668-BE54-9A1E7A4F7556}") = "R5T.Rugia.Base", "..\..\R5T.Rugia.Base\source\R5T.Rugia.Base\R5T.Rugia.Base.csproj", "{F456D2BF-93CA-4132-B569-1CED01F0139E}"
EndProject
Project("{9A19103F-16F7-4668-BE54-9A1E7A4F7556}") = "R5T.Pictia", "..\..\R5T.Pictia\source\R5T.Pictia\R5T.Pictia.csproj", "{448DE4F9-1CD0-403D-B41A-B148FA735F71}"
EndProject
Global
	GlobalSection(SolutionConfigurationPlatforms) = preSolution
		Debug|Any CPU = Debug|Any CPU
		Debug|x64 = Debug|x64
		Debug|x86 = Debug|x86
		Release|Any CPU = Release|Any CPU
		Release|x64 = Release|x64
		Release|x86 = Release|x86
	EndGlobalSection
	GlobalSection(ProjectConfigurationPlatforms) = postSolution
		{1C6EF9B8-8ACB-4489-AF7F-C94322B45E65}.Debug|Any CPU.ActiveCfg = Debug|Any CPU
		{1C6EF9B8-8ACB-4489-AF7F-C94322B45E65}.Debug|Any CPU.Build.0 = Debug|Any CPU
		{1C6EF9B8-8ACB-4489-AF7F-C94322B45E65}.Debug|x64.ActiveCfg = Debug|Any CPU
		{1C6EF9B8-8ACB-4489-AF7F-C94322B45E65}.Debug|x64.Build.0 = Debug|Any CPU
		{1C6EF9B8-8ACB-4489-AF7F-C94322B45E65}.Debug|x86.ActiveCfg = Debug|Any CPU
		{1C6EF9B8-8ACB-4489-AF7F-C94322B45E65}.Debug|x86.Build.0 = Debug|Any CPU
		{1C6EF9B8-8ACB-4489-AF7F-C94322B45E65}.Release|Any CPU.ActiveCfg = Release|Any CPU
		{1C6EF9B8-8ACB-4489-AF7F-C94322B45E65}.Release|Any CPU.Build.0 = Release|Any CPU
		{1C6EF9B8-8ACB-4489-AF7F-C94322B45E65}.Release|x64.ActiveCfg = Release|Any CPU
		{1C6EF9B8-8ACB-4489-AF7F-C94322B45E65}.Release|x64.Build.0 = Release|Any CPU
		{1C6EF9B8-8ACB-4489-AF7F-C94322B45E65}.Release|x86.ActiveCfg = Release|Any CPU
		{1C6EF9B8-8ACB-4489-AF7F-C94322B45E65}.Release|x86.Build.0 = Release|Any CPU
		{ADA89715-1164-49C8-8ADB-4AD9FDD3E029}.Debug|Any CPU.ActiveCfg = Debug|Any CPU
		{ADA89715-1164-49C8-8ADB-4AD9FDD3E029}.Debug|Any CPU.Build.0 = Debug|Any CPU
		{ADA89715-1164-49C8-8ADB-4AD9FDD3E029}.Debug|x64.ActiveCfg = Debug|Any CPU
		{ADA89715-1164-49C8-8ADB-4AD9FDD3E029}.Debug|x64.Build.0 = Debug|Any CPU
		{ADA89715-1164-49C8-8ADB-4AD9FDD3E029}.Debug|x86.ActiveCfg = Debug|Any CPU
		{ADA89715-1164-49C8-8ADB-4AD9FDD3E029}.Debug|x86.Build.0 = Debug|Any CPU
		{ADA89715-1164-49C8-8ADB-4AD9FDD3E029}.Release|Any CPU.ActiveCfg = Release|Any CPU
		{ADA89715-1164-49C8-8ADB-4AD9FDD3E029}.Release|Any CPU.Build.0 = Release|Any CPU
		{ADA89715-1164-49C8-8ADB-4AD9FDD3E029}.Release|x64.ActiveCfg = Release|Any CPU
		{ADA89715-1164-49C8-8ADB-4AD9FDD3E029}.Release|x64.Build.0 = Release|Any CPU
		{ADA89715-1164-49C8-8ADB-4AD9FDD3E029}.Release|x86.ActiveCfg = Release|Any CPU
		{ADA89715-1164-49C8-8ADB-4AD9FDD3E029}.Release|x86.Build.0 = Release|Any CPU
		{614905DD-29E6-4A4D-9802-9983FA56759B}.Debug|Any CPU.ActiveCfg = Debug|Any CPU
		{614905DD-29E6-4A4D-9802-9983FA56759B}.Debug|Any CPU.Build.0 = Debug|Any CPU
		{614905DD-29E6-4A4D-9802-9983FA56759B}.Debug|x64.ActiveCfg = Debug|Any CPU
		{614905DD-29E6-4A4D-9802-9983FA56759B}.Debug|x64.Build.0 = Debug|Any CPU
		{614905DD-29E6-4A4D-9802-9983FA56759B}.Debug|x86.ActiveCfg = Debug|Any CPU
		{614905DD-29E6-4A4D-9802-9983FA56759B}.Debug|x86.Build.0 = Debug|Any CPU
		{614905DD-29E6-4A4D-9802-9983FA56759B}.Release|Any CPU.ActiveCfg = Release|Any CPU
		{614905DD-29E6-4A4D-9802-9983FA56759B}.Release|Any CPU.Build.0 = Release|Any CPU
		{614905DD-29E6-4A4D-9802-9983FA56759B}.Release|x64.ActiveCfg = Release|Any CPU
		{614905DD-29E6-4A4D-9802-9983FA56759B}.Release|x64.Build.0 = Release|Any CPU
		{614905DD-29E6-4A4D-9802-9983FA56759B}.Release|x86.ActiveCfg = Release|Any CPU
		{614905DD-29E6-4A4D-9802-9983FA56759B}.Release|x86.Build.0 = Release|Any CPU
		{7CFD86DA-9183-44F6-8F38-2DA67D2EADD3}.Debug|Any CPU.ActiveCfg = Debug|Any CPU
		{7CFD86DA-9183-44F6-8F38-2DA67D2EADD3}.Debug|Any CPU.Build.0 = Debug|Any CPU
		{7CFD86DA-9183-44F6-8F38-2DA67D2EADD3}.Debug|x64.ActiveCfg = Debug|Any CPU
		{7CFD86DA-9183-44F6-8F38-2DA67D2EADD3}.Debug|x64.Build.0 = Debug|Any CPU
		{7CFD86DA-9183-44F6-8F38-2DA67D2EADD3}.Debug|x86.ActiveCfg = Debug|Any CPU
		{7CFD86DA-9183-44F6-8F38-2DA67D2EADD3}.Debug|x86.Build.0 = Debug|Any CPU
		{7CFD86DA-9183-44F6-8F38-2DA67D2EADD3}.Release|Any CPU.ActiveCfg = Release|Any CPU
		{7CFD86DA-9183-44F6-8F38-2DA67D2EADD3}.Release|Any CPU.Build.0 = Release|Any CPU
		{7CFD86DA-9183-44F6-8F38-2DA67D2EADD3}.Release|x64.ActiveCfg = Release|Any CPU
		{7CFD86DA-9183-44F6-8F38-2DA67D2EADD3}.Release|x64.Build.0 = Release|Any CPU
		{7CFD86DA-9183-44F6-8F38-2DA67D2EADD3}.Release|x86.ActiveCfg = Release|Any CPU
		{7CFD86DA-9183-44F6-8F38-2DA67D2EADD3}.Release|x86.Build.0 = Release|Any CPU
		{2E7E0696-9717-4F35-9CCD-5EC1D3CFC1DB}.Debug|Any CPU.ActiveCfg = Debug|Any CPU
		{2E7E0696-9717-4F35-9CCD-5EC1D3CFC1DB}.Debug|Any CPU.Build.0 = Debug|Any CPU
		{2E7E0696-9717-4F35-9CCD-5EC1D3CFC1DB}.Debug|x64.ActiveCfg = Debug|Any CPU
		{2E7E0696-9717-4F35-9CCD-5EC1D3CFC1DB}.Debug|x64.Build.0 = Debug|Any CPU
		{2E7E0696-9717-4F35-9CCD-5EC1D3CFC1DB}.Debug|x86.ActiveCfg = Debug|Any CPU
		{2E7E0696-9717-4F35-9CCD-5EC1D3CFC1DB}.Debug|x86.Build.0 = Debug|Any CPU
		{2E7E0696-9717-4F35-9CCD-5EC1D3CFC1DB}.Release|Any CPU.ActiveCfg = Release|Any CPU
		{2E7E0696-9717-4F35-9CCD-5EC1D3CFC1DB}.Release|Any CPU.Build.0 = Release|Any CPU
		{2E7E0696-9717-4F35-9CCD-5EC1D3CFC1DB}.Release|x64.ActiveCfg = Release|Any CPU
		{2E7E0696-9717-4F35-9CCD-5EC1D3CFC1DB}.Release|x64.Build.0 = Release|Any CPU
		{2E7E0696-9717-4F35-9CCD-5EC1D3CFC1DB}.Release|x86.ActiveCfg = Release|Any CPU
		{2E7E0696-9717-4F35-9CCD-5EC1D3CFC1DB}.Release|x86.Build.0 = Release|Any CPU
		{F336D75E-8320-4C1F-8BAC-2F190CE5721A}.Debug|Any CPU.ActiveCfg = Debug|Any CPU
		{F336D75E-8320-4C1F-8BAC-2F190CE5721A}.Debug|Any CPU.Build.0 = Debug|Any CPU
		{F336D75E-8320-4C1F-8BAC-2F190CE5721A}.Debug|x64.ActiveCfg = Debug|Any CPU
		{F336D75E-8320-4C1F-8BAC-2F190CE5721A}.Debug|x64.Build.0 = Debug|Any CPU
		{F336D75E-8320-4C1F-8BAC-2F190CE5721A}.Debug|x86.ActiveCfg = Debug|Any CPU
		{F336D75E-8320-4C1F-8BAC-2F190CE5721A}.Debug|x86.Build.0 = Debug|Any CPU
		{F336D75E-8320-4C1F-8BAC-2F190CE5721A}.Release|Any CPU.ActiveCfg = Release|Any CPU
		{F336D75E-8320-4C1F-8BAC-2F190CE5721A}.Release|Any CPU.Build.0 = Release|Any CPU
		{F336D75E-8320-4C1F-8BAC-2F190CE5721A}.Release|x64.ActiveCfg = Release|Any CPU
		{F336D75E-8320-4C1F-8BAC-2F190CE5721A}.Release|x64.Build.0 = Release|Any CPU
		{F336D75E-8320-4C1F-8BAC-2F190CE5721A}.Release|x86.ActiveCfg = Release|Any CPU
		{F336D75E-8320-4C1F-8BAC-2F190CE5721A}.Release|x86.Build.0 = Release|Any CPU
		{28AA3627-D23A-47D0-A2C2-DFDB4CF7A5F0}.Debug|Any CPU.ActiveCfg = Debug|Any CPU
		{28AA3627-D23A-47D0-A2C2-DFDB4CF7A5F0}.Debug|Any CPU.Build.0 = Debug|Any CPU
		{28AA3627-D23A-47D0-A2C2-DFDB4CF7A5F0}.Debug|x64.ActiveCfg = Debug|Any CPU
		{28AA3627-D23A-47D0-A2C2-DFDB4CF7A5F0}.Debug|x64.Build.0 = Debug|Any CPU
		{28AA3627-D23A-47D0-A2C2-DFDB4CF7A5F0}.Debug|x86.ActiveCfg = Debug|Any CPU
		{28AA3627-D23A-47D0-A2C2-DFDB4CF7A5F0}.Debug|x86.Build.0 = Debug|Any CPU
		{28AA3627-D23A-47D0-A2C2-DFDB4CF7A5F0}.Release|Any CPU.ActiveCfg = Release|Any CPU
		{28AA3627-D23A-47D0-A2C2-DFDB4CF7A5F0}.Release|Any CPU.Build.0 = Release|Any CPU
		{28AA3627-D23A-47D0-A2C2-DFDB4CF7A5F0}.Release|x64.ActiveCfg = Release|Any CPU
		{28AA3627-D23A-47D0-A2C2-DFDB4CF7A5F0}.Release|x64.Build.0 = Release|Any CPU
		{28AA3627-D23A-47D0-A2C2-DFDB4CF7A5F0}.Release|x86.ActiveCfg = Release|Any CPU
		{28AA3627-D23A-47D0-A2C2-DFDB4CF7A5F0}.Release|x86.Build.0 = Release|Any CPU
		{BC9C254C-D288-4CE2-9848-A824DE04347F}.Debug|Any CPU.ActiveCfg = Debug|Any CPU
		{BC9C254C-D288-4CE2-9848-A824DE04347F}.Debug|Any CPU.Build.0 = Debug|Any CPU
		{BC9C254C-D288-4CE2-9848-A824DE04347F}.Debug|x64.ActiveCfg = Debug|Any CPU
		{BC9C254C-D288-4CE2-9848-A824DE04347F}.Debug|x64.Build.0 = Debug|Any CPU
		{BC9C254C-D288-4CE2-9848-A824DE04347F}.Debug|x86.ActiveCfg = Debug|Any CPU
		{BC9C254C-D288-4CE2-9848-A824DE04347F}.Debug|x86.Build.0 = Debug|Any CPU
		{BC9C254C-D288-4CE2-9848-A824DE04347F}.Release|Any CPU.ActiveCfg = Release|Any CPU
		{BC9C254C-D288-4CE2-9848-A824DE04347F}.Release|Any CPU.Build.0 = Release|Any CPU
		{BC9C254C-D288-4CE2-9848-A824DE04347F}.Release|x64.ActiveCfg = Release|Any CPU
		{BC9C254C-D288-4CE2-9848-A824DE04347F}.Release|x64.Build.0 = Release|Any CPU
		{BC9C254C-D288-4CE2-9848-A824DE04347F}.Release|x86.ActiveCfg = Release|Any CPU
		{BC9C254C-D288-4CE2-9848-A824DE04347F}.Release|x86.Build.0 = Release|Any CPU
		{7BEB874B-8E9C-4E44-8EDF-AA9293A896B9}.Debug|Any CPU.ActiveCfg = Debug|Any CPU
		{7BEB874B-8E9C-4E44-8EDF-AA9293A896B9}.Debug|Any CPU.Build.0 = Debug|Any CPU
		{7BEB874B-8E9C-4E44-8EDF-AA9293A896B9}.Debug|x64.ActiveCfg = Debug|Any CPU
		{7BEB874B-8E9C-4E44-8EDF-AA9293A896B9}.Debug|x64.Build.0 = Debug|Any CPU
		{7BEB874B-8E9C-4E44-8EDF-AA9293A896B9}.Debug|x86.ActiveCfg = Debug|Any CPU
		{7BEB874B-8E9C-4E44-8EDF-AA9293A896B9}.Debug|x86.Build.0 = Debug|Any CPU
		{7BEB874B-8E9C-4E44-8EDF-AA9293A896B9}.Release|Any CPU.ActiveCfg = Release|Any CPU
		{7BEB874B-8E9C-4E44-8EDF-AA9293A896B9}.Release|Any CPU.Build.0 = Release|Any CPU
		{7BEB874B-8E9C-4E44-8EDF-AA9293A896B9}.Release|x64.ActiveCfg = Release|Any CPU
		{7BEB874B-8E9C-4E44-8EDF-AA9293A896B9}.Release|x64.Build.0 = Release|Any CPU
		{7BEB874B-8E9C-4E44-8EDF-AA9293A896B9}.Release|x86.ActiveCfg = Release|Any CPU
		{7BEB874B-8E9C-4E44-8EDF-AA9293A896B9}.Release|x86.Build.0 = Release|Any CPU
		{BD3A8342-C7CD-4407-BE57-85EAF308CEDB}.Debug|Any CPU.ActiveCfg = Debug|Any CPU
		{BD3A8342-C7CD-4407-BE57-85EAF308CEDB}.Debug|Any CPU.Build.0 = Debug|Any CPU
		{BD3A8342-C7CD-4407-BE57-85EAF308CEDB}.Debug|x64.ActiveCfg = Debug|Any CPU
		{BD3A8342-C7CD-4407-BE57-85EAF308CEDB}.Debug|x64.Build.0 = Debug|Any CPU
		{BD3A8342-C7CD-4407-BE57-85EAF308CEDB}.Debug|x86.ActiveCfg = Debug|Any CPU
		{BD3A8342-C7CD-4407-BE57-85EAF308CEDB}.Debug|x86.Build.0 = Debug|Any CPU
		{BD3A8342-C7CD-4407-BE57-85EAF308CEDB}.Release|Any CPU.ActiveCfg = Release|Any CPU
		{BD3A8342-C7CD-4407-BE57-85EAF308CEDB}.Release|Any CPU.Build.0 = Release|Any CPU
		{BD3A8342-C7CD-4407-BE57-85EAF308CEDB}.Release|x64.ActiveCfg = Release|Any CPU
		{BD3A8342-C7CD-4407-BE57-85EAF308CEDB}.Release|x64.Build.0 = Release|Any CPU
		{BD3A8342-C7CD-4407-BE57-85EAF308CEDB}.Release|x86.ActiveCfg = Release|Any CPU
		{BD3A8342-C7CD-4407-BE57-85EAF308CEDB}.Release|x86.Build.0 = Release|Any CPU
		{F72566C3-6530-4E8A-97EC-20C2F387BF8B}.Debug|Any CPU.ActiveCfg = Debug|Any CPU
		{F72566C3-6530-4E8A-97EC-20C2F387BF8B}.Debug|Any CPU.Build.0 = Debug|Any CPU
		{F72566C3-6530-4E8A-97EC-20C2F387BF8B}.Debug|x64.ActiveCfg = Debug|Any CPU
		{F72566C3-6530-4E8A-97EC-20C2F387BF8B}.Debug|x64.Build.0 = Debug|Any CPU
		{F72566C3-6530-4E8A-97EC-20C2F387BF8B}.Debug|x86.ActiveCfg = Debug|Any CPU
		{F72566C3-6530-4E8A-97EC-20C2F387BF8B}.Debug|x86.Build.0 = Debug|Any CPU
		{F72566C3-6530-4E8A-97EC-20C2F387BF8B}.Release|Any CPU.ActiveCfg = Release|Any CPU
		{F72566C3-6530-4E8A-97EC-20C2F387BF8B}.Release|Any CPU.Build.0 = Release|Any CPU
		{F72566C3-6530-4E8A-97EC-20C2F387BF8B}.Release|x64.ActiveCfg = Release|Any CPU
		{F72566C3-6530-4E8A-97EC-20C2F387BF8B}.Release|x64.Build.0 = Release|Any CPU
		{F72566C3-6530-4E8A-97EC-20C2F387BF8B}.Release|x86.ActiveCfg = Release|Any CPU
		{F72566C3-6530-4E8A-97EC-20C2F387BF8B}.Release|x86.Build.0 = Release|Any CPU
		{DA372ABF-9645-45F6-A444-8F6C203A8B1A}.Debug|Any CPU.ActiveCfg = Debug|Any CPU
		{DA372ABF-9645-45F6-A444-8F6C203A8B1A}.Debug|Any CPU.Build.0 = Debug|Any CPU
		{DA372ABF-9645-45F6-A444-8F6C203A8B1A}.Debug|x64.ActiveCfg = Debug|Any CPU
		{DA372ABF-9645-45F6-A444-8F6C203A8B1A}.Debug|x64.Build.0 = Debug|Any CPU
		{DA372ABF-9645-45F6-A444-8F6C203A8B1A}.Debug|x86.ActiveCfg = Debug|Any CPU
		{DA372ABF-9645-45F6-A444-8F6C203A8B1A}.Debug|x86.Build.0 = Debug|Any CPU
		{DA372ABF-9645-45F6-A444-8F6C203A8B1A}.Release|Any CPU.ActiveCfg = Release|Any CPU
		{DA372ABF-9645-45F6-A444-8F6C203A8B1A}.Release|Any CPU.Build.0 = Release|Any CPU
		{DA372ABF-9645-45F6-A444-8F6C203A8B1A}.Release|x64.ActiveCfg = Release|Any CPU
		{DA372ABF-9645-45F6-A444-8F6C203A8B1A}.Release|x64.Build.0 = Release|Any CPU
		{DA372ABF-9645-45F6-A444-8F6C203A8B1A}.Release|x86.ActiveCfg = Release|Any CPU
		{DA372ABF-9645-45F6-A444-8F6C203A8B1A}.Release|x86.Build.0 = Release|Any CPU
		{DF59B01F-BB05-4DF5-AF64-1B6921A932D3}.Debug|Any CPU.ActiveCfg = Debug|Any CPU
		{DF59B01F-BB05-4DF5-AF64-1B6921A932D3}.Debug|Any CPU.Build.0 = Debug|Any CPU
		{DF59B01F-BB05-4DF5-AF64-1B6921A932D3}.Debug|x64.ActiveCfg = Debug|Any CPU
		{DF59B01F-BB05-4DF5-AF64-1B6921A932D3}.Debug|x64.Build.0 = Debug|Any CPU
		{DF59B01F-BB05-4DF5-AF64-1B6921A932D3}.Debug|x86.ActiveCfg = Debug|Any CPU
		{DF59B01F-BB05-4DF5-AF64-1B6921A932D3}.Debug|x86.Build.0 = Debug|Any CPU
		{DF59B01F-BB05-4DF5-AF64-1B6921A932D3}.Release|Any CPU.ActiveCfg = Release|Any CPU
		{DF59B01F-BB05-4DF5-AF64-1B6921A932D3}.Release|Any CPU.Build.0 = Release|Any CPU
		{DF59B01F-BB05-4DF5-AF64-1B6921A932D3}.Release|x64.ActiveCfg = Release|Any CPU
		{DF59B01F-BB05-4DF5-AF64-1B6921A932D3}.Release|x64.Build.0 = Release|Any CPU
		{DF59B01F-BB05-4DF5-AF64-1B6921A932D3}.Release|x86.ActiveCfg = Release|Any CPU
		{DF59B01F-BB05-4DF5-AF64-1B6921A932D3}.Release|x86.Build.0 = Release|Any CPU
		{83A400F0-B910-4CBF-87C2-B49F469A3357}.Debug|Any CPU.ActiveCfg = Debug|Any CPU
		{83A400F0-B910-4CBF-87C2-B49F469A3357}.Debug|Any CPU.Build.0 = Debug|Any CPU
		{83A400F0-B910-4CBF-87C2-B49F469A3357}.Debug|x64.ActiveCfg = Debug|Any CPU
		{83A400F0-B910-4CBF-87C2-B49F469A3357}.Debug|x64.Build.0 = Debug|Any CPU
		{83A400F0-B910-4CBF-87C2-B49F469A3357}.Debug|x86.ActiveCfg = Debug|Any CPU
		{83A400F0-B910-4CBF-87C2-B49F469A3357}.Debug|x86.Build.0 = Debug|Any CPU
		{83A400F0-B910-4CBF-87C2-B49F469A3357}.Release|Any CPU.ActiveCfg = Release|Any CPU
		{83A400F0-B910-4CBF-87C2-B49F469A3357}.Release|Any CPU.Build.0 = Release|Any CPU
		{83A400F0-B910-4CBF-87C2-B49F469A3357}.Release|x64.ActiveCfg = Release|Any CPU
		{83A400F0-B910-4CBF-87C2-B49F469A3357}.Release|x64.Build.0 = Release|Any CPU
		{83A400F0-B910-4CBF-87C2-B49F469A3357}.Release|x86.ActiveCfg = Release|Any CPU
		{83A400F0-B910-4CBF-87C2-B49F469A3357}.Release|x86.Build.0 = Release|Any CPU
		{5C7AE64C-F244-4115-A54A-51AB0603ADDF}.Debug|Any CPU.ActiveCfg = Debug|Any CPU
		{5C7AE64C-F244-4115-A54A-51AB0603ADDF}.Debug|Any CPU.Build.0 = Debug|Any CPU
		{5C7AE64C-F244-4115-A54A-51AB0603ADDF}.Debug|x64.ActiveCfg = Debug|Any CPU
		{5C7AE64C-F244-4115-A54A-51AB0603ADDF}.Debug|x64.Build.0 = Debug|Any CPU
		{5C7AE64C-F244-4115-A54A-51AB0603ADDF}.Debug|x86.ActiveCfg = Debug|Any CPU
		{5C7AE64C-F244-4115-A54A-51AB0603ADDF}.Debug|x86.Build.0 = Debug|Any CPU
		{5C7AE64C-F244-4115-A54A-51AB0603ADDF}.Release|Any CPU.ActiveCfg = Release|Any CPU
		{5C7AE64C-F244-4115-A54A-51AB0603ADDF}.Release|Any CPU.Build.0 = Release|Any CPU
		{5C7AE64C-F244-4115-A54A-51AB0603ADDF}.Release|x64.ActiveCfg = Release|Any CPU
		{5C7AE64C-F244-4115-A54A-51AB0603ADDF}.Release|x64.Build.0 = Release|Any CPU
		{5C7AE64C-F244-4115-A54A-51AB0603ADDF}.Release|x86.ActiveCfg = Release|Any CPU
		{5C7AE64C-F244-4115-A54A-51AB0603ADDF}.Release|x86.Build.0 = Release|Any CPU
		{C0BE20B4-84BA-41AB-B696-36BE826101B1}.Debug|Any CPU.ActiveCfg = Debug|Any CPU
		{C0BE20B4-84BA-41AB-B696-36BE826101B1}.Debug|Any CPU.Build.0 = Debug|Any CPU
		{C0BE20B4-84BA-41AB-B696-36BE826101B1}.Debug|x64.ActiveCfg = Debug|Any CPU
		{C0BE20B4-84BA-41AB-B696-36BE826101B1}.Debug|x64.Build.0 = Debug|Any CPU
		{C0BE20B4-84BA-41AB-B696-36BE826101B1}.Debug|x86.ActiveCfg = Debug|Any CPU
		{C0BE20B4-84BA-41AB-B696-36BE826101B1}.Debug|x86.Build.0 = Debug|Any CPU
		{C0BE20B4-84BA-41AB-B696-36BE826101B1}.Release|Any CPU.ActiveCfg = Release|Any CPU
		{C0BE20B4-84BA-41AB-B696-36BE826101B1}.Release|Any CPU.Build.0 = Release|Any CPU
		{C0BE20B4-84BA-41AB-B696-36BE826101B1}.Release|x64.ActiveCfg = Release|Any CPU
		{C0BE20B4-84BA-41AB-B696-36BE826101B1}.Release|x64.Build.0 = Release|Any CPU
		{C0BE20B4-84BA-41AB-B696-36BE826101B1}.Release|x86.ActiveCfg = Release|Any CPU
		{C0BE20B4-84BA-41AB-B696-36BE826101B1}.Release|x86.Build.0 = Release|Any CPU
		{5B94FD15-B2E1-42CA-AF42-04632BAFE3B1}.Debug|Any CPU.ActiveCfg = Debug|Any CPU
		{5B94FD15-B2E1-42CA-AF42-04632BAFE3B1}.Debug|Any CPU.Build.0 = Debug|Any CPU
		{5B94FD15-B2E1-42CA-AF42-04632BAFE3B1}.Debug|x64.ActiveCfg = Debug|Any CPU
		{5B94FD15-B2E1-42CA-AF42-04632BAFE3B1}.Debug|x64.Build.0 = Debug|Any CPU
		{5B94FD15-B2E1-42CA-AF42-04632BAFE3B1}.Debug|x86.ActiveCfg = Debug|Any CPU
		{5B94FD15-B2E1-42CA-AF42-04632BAFE3B1}.Debug|x86.Build.0 = Debug|Any CPU
		{5B94FD15-B2E1-42CA-AF42-04632BAFE3B1}.Release|Any CPU.ActiveCfg = Release|Any CPU
		{5B94FD15-B2E1-42CA-AF42-04632BAFE3B1}.Release|Any CPU.Build.0 = Release|Any CPU
		{5B94FD15-B2E1-42CA-AF42-04632BAFE3B1}.Release|x64.ActiveCfg = Release|Any CPU
		{5B94FD15-B2E1-42CA-AF42-04632BAFE3B1}.Release|x64.Build.0 = Release|Any CPU
		{5B94FD15-B2E1-42CA-AF42-04632BAFE3B1}.Release|x86.ActiveCfg = Release|Any CPU
		{5B94FD15-B2E1-42CA-AF42-04632BAFE3B1}.Release|x86.Build.0 = Release|Any CPU
		{420F575D-0B55-4224-8452-D36F1B69E900}.Debug|Any CPU.ActiveCfg = Debug|Any CPU
		{420F575D-0B55-4224-8452-D36F1B69E900}.Debug|Any CPU.Build.0 = Debug|Any CPU
		{420F575D-0B55-4224-8452-D36F1B69E900}.Debug|x64.ActiveCfg = Debug|Any CPU
		{420F575D-0B55-4224-8452-D36F1B69E900}.Debug|x64.Build.0 = Debug|Any CPU
		{420F575D-0B55-4224-8452-D36F1B69E900}.Debug|x86.ActiveCfg = Debug|Any CPU
		{420F575D-0B55-4224-8452-D36F1B69E900}.Debug|x86.Build.0 = Debug|Any CPU
		{420F575D-0B55-4224-8452-D36F1B69E900}.Release|Any CPU.ActiveCfg = Release|Any CPU
		{420F575D-0B55-4224-8452-D36F1B69E900}.Release|Any CPU.Build.0 = Release|Any CPU
		{420F575D-0B55-4224-8452-D36F1B69E900}.Release|x64.ActiveCfg = Release|Any CPU
		{420F575D-0B55-4224-8452-D36F1B69E900}.Release|x64.Build.0 = Release|Any CPU
		{420F575D-0B55-4224-8452-D36F1B69E900}.Release|x86.ActiveCfg = Release|Any CPU
		{420F575D-0B55-4224-8452-D36F1B69E900}.Release|x86.Build.0 = Release|Any CPU
		{FB6ACE37-C82A-4EE1-8D4E-4B090799A781}.Debug|Any CPU.ActiveCfg = Debug|Any CPU
		{FB6ACE37-C82A-4EE1-8D4E-4B090799A781}.Debug|Any CPU.Build.0 = Debug|Any CPU
		{FB6ACE37-C82A-4EE1-8D4E-4B090799A781}.Debug|x64.ActiveCfg = Debug|Any CPU
		{FB6ACE37-C82A-4EE1-8D4E-4B090799A781}.Debug|x64.Build.0 = Debug|Any CPU
		{FB6ACE37-C82A-4EE1-8D4E-4B090799A781}.Debug|x86.ActiveCfg = Debug|Any CPU
		{FB6ACE37-C82A-4EE1-8D4E-4B090799A781}.Debug|x86.Build.0 = Debug|Any CPU
		{FB6ACE37-C82A-4EE1-8D4E-4B090799A781}.Release|Any CPU.ActiveCfg = Release|Any CPU
		{FB6ACE37-C82A-4EE1-8D4E-4B090799A781}.Release|Any CPU.Build.0 = Release|Any CPU
		{FB6ACE37-C82A-4EE1-8D4E-4B090799A781}.Release|x64.ActiveCfg = Release|Any CPU
		{FB6ACE37-C82A-4EE1-8D4E-4B090799A781}.Release|x64.Build.0 = Release|Any CPU
		{FB6ACE37-C82A-4EE1-8D4E-4B090799A781}.Release|x86.ActiveCfg = Release|Any CPU
		{FB6ACE37-C82A-4EE1-8D4E-4B090799A781}.Release|x86.Build.0 = Release|Any CPU
		{B767891E-E016-4B5A-A23D-7C94210402F8}.Debug|Any CPU.ActiveCfg = Debug|Any CPU
		{B767891E-E016-4B5A-A23D-7C94210402F8}.Debug|Any CPU.Build.0 = Debug|Any CPU
		{B767891E-E016-4B5A-A23D-7C94210402F8}.Debug|x64.ActiveCfg = Debug|Any CPU
		{B767891E-E016-4B5A-A23D-7C94210402F8}.Debug|x64.Build.0 = Debug|Any CPU
		{B767891E-E016-4B5A-A23D-7C94210402F8}.Debug|x86.ActiveCfg = Debug|Any CPU
		{B767891E-E016-4B5A-A23D-7C94210402F8}.Debug|x86.Build.0 = Debug|Any CPU
		{B767891E-E016-4B5A-A23D-7C94210402F8}.Release|Any CPU.ActiveCfg = Release|Any CPU
		{B767891E-E016-4B5A-A23D-7C94210402F8}.Release|Any CPU.Build.0 = Release|Any CPU
		{B767891E-E016-4B5A-A23D-7C94210402F8}.Release|x64.ActiveCfg = Release|Any CPU
		{B767891E-E016-4B5A-A23D-7C94210402F8}.Release|x64.Build.0 = Release|Any CPU
		{B767891E-E016-4B5A-A23D-7C94210402F8}.Release|x86.ActiveCfg = Release|Any CPU
		{B767891E-E016-4B5A-A23D-7C94210402F8}.Release|x86.Build.0 = Release|Any CPU
		{C39E900C-4F84-4D0F-ACF6-F59F62E6A19C}.Debug|Any CPU.ActiveCfg = Debug|Any CPU
		{C39E900C-4F84-4D0F-ACF6-F59F62E6A19C}.Debug|Any CPU.Build.0 = Debug|Any CPU
		{C39E900C-4F84-4D0F-ACF6-F59F62E6A19C}.Debug|x64.ActiveCfg = Debug|Any CPU
		{C39E900C-4F84-4D0F-ACF6-F59F62E6A19C}.Debug|x64.Build.0 = Debug|Any CPU
		{C39E900C-4F84-4D0F-ACF6-F59F62E6A19C}.Debug|x86.ActiveCfg = Debug|Any CPU
		{C39E900C-4F84-4D0F-ACF6-F59F62E6A19C}.Debug|x86.Build.0 = Debug|Any CPU
		{C39E900C-4F84-4D0F-ACF6-F59F62E6A19C}.Release|Any CPU.ActiveCfg = Release|Any CPU
		{C39E900C-4F84-4D0F-ACF6-F59F62E6A19C}.Release|Any CPU.Build.0 = Release|Any CPU
		{C39E900C-4F84-4D0F-ACF6-F59F62E6A19C}.Release|x64.ActiveCfg = Release|Any CPU
		{C39E900C-4F84-4D0F-ACF6-F59F62E6A19C}.Release|x64.Build.0 = Release|Any CPU
		{C39E900C-4F84-4D0F-ACF6-F59F62E6A19C}.Release|x86.ActiveCfg = Release|Any CPU
		{C39E900C-4F84-4D0F-ACF6-F59F62E6A19C}.Release|x86.Build.0 = Release|Any CPU
		{AA9D94EC-1FC7-4BCA-AECA-DFDC43D3523A}.Debug|Any CPU.ActiveCfg = Debug|Any CPU
		{AA9D94EC-1FC7-4BCA-AECA-DFDC43D3523A}.Debug|Any CPU.Build.0 = Debug|Any CPU
		{AA9D94EC-1FC7-4BCA-AECA-DFDC43D3523A}.Debug|x64.ActiveCfg = Debug|Any CPU
		{AA9D94EC-1FC7-4BCA-AECA-DFDC43D3523A}.Debug|x64.Build.0 = Debug|Any CPU
		{AA9D94EC-1FC7-4BCA-AECA-DFDC43D3523A}.Debug|x86.ActiveCfg = Debug|Any CPU
		{AA9D94EC-1FC7-4BCA-AECA-DFDC43D3523A}.Debug|x86.Build.0 = Debug|Any CPU
		{AA9D94EC-1FC7-4BCA-AECA-DFDC43D3523A}.Release|Any CPU.ActiveCfg = Release|Any CPU
		{AA9D94EC-1FC7-4BCA-AECA-DFDC43D3523A}.Release|Any CPU.Build.0 = Release|Any CPU
		{AA9D94EC-1FC7-4BCA-AECA-DFDC43D3523A}.Release|x64.ActiveCfg = Release|Any CPU
		{AA9D94EC-1FC7-4BCA-AECA-DFDC43D3523A}.Release|x64.Build.0 = Release|Any CPU
		{AA9D94EC-1FC7-4BCA-AECA-DFDC43D3523A}.Release|x86.ActiveCfg = Release|Any CPU
		{AA9D94EC-1FC7-4BCA-AECA-DFDC43D3523A}.Release|x86.Build.0 = Release|Any CPU
		{6910224A-9D6A-4760-86DE-E767DD7FDED2}.Debug|Any CPU.ActiveCfg = Debug|Any CPU
		{6910224A-9D6A-4760-86DE-E767DD7FDED2}.Debug|Any CPU.Build.0 = Debug|Any CPU
		{6910224A-9D6A-4760-86DE-E767DD7FDED2}.Debug|x64.ActiveCfg = Debug|Any CPU
		{6910224A-9D6A-4760-86DE-E767DD7FDED2}.Debug|x64.Build.0 = Debug|Any CPU
		{6910224A-9D6A-4760-86DE-E767DD7FDED2}.Debug|x86.ActiveCfg = Debug|Any CPU
		{6910224A-9D6A-4760-86DE-E767DD7FDED2}.Debug|x86.Build.0 = Debug|Any CPU
		{6910224A-9D6A-4760-86DE-E767DD7FDED2}.Release|Any CPU.ActiveCfg = Release|Any CPU
		{6910224A-9D6A-4760-86DE-E767DD7FDED2}.Release|Any CPU.Build.0 = Release|Any CPU
		{6910224A-9D6A-4760-86DE-E767DD7FDED2}.Release|x64.ActiveCfg = Release|Any CPU
		{6910224A-9D6A-4760-86DE-E767DD7FDED2}.Release|x64.Build.0 = Release|Any CPU
		{6910224A-9D6A-4760-86DE-E767DD7FDED2}.Release|x86.ActiveCfg = Release|Any CPU
		{6910224A-9D6A-4760-86DE-E767DD7FDED2}.Release|x86.Build.0 = Release|Any CPU
		{D265EDD6-8023-4EAC-8E3E-B2D040F97031}.Debug|Any CPU.ActiveCfg = Debug|Any CPU
		{D265EDD6-8023-4EAC-8E3E-B2D040F97031}.Debug|Any CPU.Build.0 = Debug|Any CPU
		{D265EDD6-8023-4EAC-8E3E-B2D040F97031}.Debug|x64.ActiveCfg = Debug|Any CPU
		{D265EDD6-8023-4EAC-8E3E-B2D040F97031}.Debug|x64.Build.0 = Debug|Any CPU
		{D265EDD6-8023-4EAC-8E3E-B2D040F97031}.Debug|x86.ActiveCfg = Debug|Any CPU
		{D265EDD6-8023-4EAC-8E3E-B2D040F97031}.Debug|x86.Build.0 = Debug|Any CPU
		{D265EDD6-8023-4EAC-8E3E-B2D040F97031}.Release|Any CPU.ActiveCfg = Release|Any CPU
		{D265EDD6-8023-4EAC-8E3E-B2D040F97031}.Release|Any CPU.Build.0 = Release|Any CPU
		{D265EDD6-8023-4EAC-8E3E-B2D040F97031}.Release|x64.ActiveCfg = Release|Any CPU
		{D265EDD6-8023-4EAC-8E3E-B2D040F97031}.Release|x64.Build.0 = Release|Any CPU
		{D265EDD6-8023-4EAC-8E3E-B2D040F97031}.Release|x86.ActiveCfg = Release|Any CPU
		{D265EDD6-8023-4EAC-8E3E-B2D040F97031}.Release|x86.Build.0 = Release|Any CPU
		{F56BEF23-807C-4292-A335-6075B05A6D83}.Debug|Any CPU.ActiveCfg = Debug|Any CPU
		{F56BEF23-807C-4292-A335-6075B05A6D83}.Debug|Any CPU.Build.0 = Debug|Any CPU
		{F56BEF23-807C-4292-A335-6075B05A6D83}.Debug|x64.ActiveCfg = Debug|Any CPU
		{F56BEF23-807C-4292-A335-6075B05A6D83}.Debug|x64.Build.0 = Debug|Any CPU
		{F56BEF23-807C-4292-A335-6075B05A6D83}.Debug|x86.ActiveCfg = Debug|Any CPU
		{F56BEF23-807C-4292-A335-6075B05A6D83}.Debug|x86.Build.0 = Debug|Any CPU
		{F56BEF23-807C-4292-A335-6075B05A6D83}.Release|Any CPU.ActiveCfg = Release|Any CPU
		{F56BEF23-807C-4292-A335-6075B05A6D83}.Release|Any CPU.Build.0 = Release|Any CPU
		{F56BEF23-807C-4292-A335-6075B05A6D83}.Release|x64.ActiveCfg = Release|Any CPU
		{F56BEF23-807C-4292-A335-6075B05A6D83}.Release|x64.Build.0 = Release|Any CPU
		{F56BEF23-807C-4292-A335-6075B05A6D83}.Release|x86.ActiveCfg = Release|Any CPU
		{F56BEF23-807C-4292-A335-6075B05A6D83}.Release|x86.Build.0 = Release|Any CPU
		{F456D2BF-93CA-4132-B569-1CED01F0139E}.Debug|Any CPU.ActiveCfg = Debug|Any CPU
		{F456D2BF-93CA-4132-B569-1CED01F0139E}.Debug|Any CPU.Build.0 = Debug|Any CPU
		{F456D2BF-93CA-4132-B569-1CED01F0139E}.Debug|x64.ActiveCfg = Debug|Any CPU
		{F456D2BF-93CA-4132-B569-1CED01F0139E}.Debug|x64.Build.0 = Debug|Any CPU
		{F456D2BF-93CA-4132-B569-1CED01F0139E}.Debug|x86.ActiveCfg = Debug|Any CPU
		{F456D2BF-93CA-4132-B569-1CED01F0139E}.Debug|x86.Build.0 = Debug|Any CPU
		{F456D2BF-93CA-4132-B569-1CED01F0139E}.Release|Any CPU.ActiveCfg = Release|Any CPU
		{F456D2BF-93CA-4132-B569-1CED01F0139E}.Release|Any CPU.Build.0 = Release|Any CPU
		{F456D2BF-93CA-4132-B569-1CED01F0139E}.Release|x64.ActiveCfg = Release|Any CPU
		{F456D2BF-93CA-4132-B569-1CED01F0139E}.Release|x64.Build.0 = Release|Any CPU
		{F456D2BF-93CA-4132-B569-1CED01F0139E}.Release|x86.ActiveCfg = Release|Any CPU
		{F456D2BF-93CA-4132-B569-1CED01F0139E}.Release|x86.Build.0 = Release|Any CPU
		{448DE4F9-1CD0-403D-B41A-B148FA735F71}.Debug|Any CPU.ActiveCfg = Debug|Any CPU
		{448DE4F9-1CD0-403D-B41A-B148FA735F71}.Debug|Any CPU.Build.0 = Debug|Any CPU
		{448DE4F9-1CD0-403D-B41A-B148FA735F71}.Debug|x64.ActiveCfg = Debug|Any CPU
		{448DE4F9-1CD0-403D-B41A-B148FA735F71}.Debug|x64.Build.0 = Debug|Any CPU
		{448DE4F9-1CD0-403D-B41A-B148FA735F71}.Debug|x86.ActiveCfg = Debug|Any CPU
		{448DE4F9-1CD0-403D-B41A-B148FA735F71}.Debug|x86.Build.0 = Debug|Any CPU
		{448DE4F9-1CD0-403D-B41A-B148FA735F71}.Release|Any CPU.ActiveCfg = Release|Any CPU
		{448DE4F9-1CD0-403D-B41A-B148FA735F71}.Release|Any CPU.Build.0 = Release|Any CPU
		{448DE4F9-1CD0-403D-B41A-B148FA735F71}.Release|x64.ActiveCfg = Release|Any CPU
		{448DE4F9-1CD0-403D-B41A-B148FA735F71}.Release|x64.Build.0 = Release|Any CPU
		{448DE4F9-1CD0-403D-B41A-B148FA735F71}.Release|x86.ActiveCfg = Release|Any CPU
		{448DE4F9-1CD0-403D-B41A-B148FA735F71}.Release|x86.Build.0 = Release|Any CPU
	EndGlobalSection
	GlobalSection(SolutionProperties) = preSolution
		HideSolutionNode = FALSE
	EndGlobalSection
	GlobalSection(NestedProjects) = preSolution
		{614905DD-29E6-4A4D-9802-9983FA56759B} = {13778518-0912-4948-B839-59F2B7E557A9}
		{7CFD86DA-9183-44F6-8F38-2DA67D2EADD3} = {13778518-0912-4948-B839-59F2B7E557A9}
		{2E7E0696-9717-4F35-9CCD-5EC1D3CFC1DB} = {13778518-0912-4948-B839-59F2B7E557A9}
		{F336D75E-8320-4C1F-8BAC-2F190CE5721A} = {13778518-0912-4948-B839-59F2B7E557A9}
		{28AA3627-D23A-47D0-A2C2-DFDB4CF7A5F0} = {13778518-0912-4948-B839-59F2B7E557A9}
		{BC9C254C-D288-4CE2-9848-A824DE04347F} = {13778518-0912-4948-B839-59F2B7E557A9}
		{7BEB874B-8E9C-4E44-8EDF-AA9293A896B9} = {13778518-0912-4948-B839-59F2B7E557A9}
		{BD3A8342-C7CD-4407-BE57-85EAF308CEDB} = {13778518-0912-4948-B839-59F2B7E557A9}
		{F72566C3-6530-4E8A-97EC-20C2F387BF8B} = {13778518-0912-4948-B839-59F2B7E557A9}
		{DA372ABF-9645-45F6-A444-8F6C203A8B1A} = {13778518-0912-4948-B839-59F2B7E557A9}
		{DF59B01F-BB05-4DF5-AF64-1B6921A932D3} = {13778518-0912-4948-B839-59F2B7E557A9}
		{83A400F0-B910-4CBF-87C2-B49F469A3357} = {13778518-0912-4948-B839-59F2B7E557A9}
		{5C7AE64C-F244-4115-A54A-51AB0603ADDF} = {13778518-0912-4948-B839-59F2B7E557A9}
		{C0BE20B4-84BA-41AB-B696-36BE826101B1} = {13778518-0912-4948-B839-59F2B7E557A9}
		{5B94FD15-B2E1-42CA-AF42-04632BAFE3B1} = {13778518-0912-4948-B839-59F2B7E557A9}
		{420F575D-0B55-4224-8452-D36F1B69E900} = {13778518-0912-4948-B839-59F2B7E557A9}
		{FB6ACE37-C82A-4EE1-8D4E-4B090799A781} = {13778518-0912-4948-B839-59F2B7E557A9}
		{B767891E-E016-4B5A-A23D-7C94210402F8} = {13778518-0912-4948-B839-59F2B7E557A9}
		{C39E900C-4F84-4D0F-ACF6-F59F62E6A19C} = {13778518-0912-4948-B839-59F2B7E557A9}
		{AA9D94EC-1FC7-4BCA-AECA-DFDC43D3523A} = {13778518-0912-4948-B839-59F2B7E557A9}
		{6910224A-9D6A-4760-86DE-E767DD7FDED2} = {13778518-0912-4948-B839-59F2B7E557A9}
		{D265EDD6-8023-4EAC-8E3E-B2D040F97031} = {13778518-0912-4948-B839-59F2B7E557A9}
		{F56BEF23-807C-4292-A335-6075B05A6D83} = {13778518-0912-4948-B839-59F2B7E557A9}
		{F456D2BF-93CA-4132-B569-1CED01F0139E} = {13778518-0912-4948-B839-59F2B7E557A9}
		{448DE4F9-1CD0-403D-B41A-B148FA735F71} = {13778518-0912-4948-B839-59F2B7E557A9}
	EndGlobalSection
	GlobalSection(ExtensibilityGlobals) = postSolution
		SolutionGuid = {557E8D75-AC7A-49EC-8FB3-9584C734505B}
	EndGlobalSection
EndGlobal
